
Microsoft Visual Studio Solution File, Format Version 12.00
# Visual Studio Version 16
VisualStudioVersion = 16.0.31624.102
MinimumVisualStudioVersion = 10.0.40219.1
Project("{8BC9CEB8-8B4A-11D0-8D11-00A0C91BC942}") = "laba_3.7", "laba_3.7.vcxproj", "{E99322E6-70D4-4FBF-BEB0-4F8CDCF65367}"
EndProject
Global
	GlobalSection(SolutionConfigurationPlatforms) = preSolution
		Debug|x64 = Debug|x64
		Debug|x86 = Debug|x86
		Release|x64 = Release|x64
		Release|x86 = Release|x86
	EndGlobalSection
	GlobalSection(ProjectConfigurationPlatforms) = postSolution
		{E99322E6-70D4-4FBF-BEB0-4F8CDCF65367}.Debug|x64.ActiveCfg = Debug|x64
		{E99322E6-70D4-4FBF-BEB0-4F8CDCF65367}.Debug|x64.Build.0 = Debug|x64
		{E99322E6-70D4-4FBF-BEB0-4F8CDCF65367}.Debug|x86.ActiveCfg = Debug|Win32
		{E99322E6-70D4-4FBF-BEB0-4F8CDCF65367}.Debug|x86.Build.0 = Debug|Win32
		{E99322E6-70D4-4FBF-BEB0-4F8CDCF65367}.Release|x64.ActiveCfg = Release|x64
		{E99322E6-70D4-4FBF-BEB0-4F8CDCF65367}.Release|x64.Build.0 = Release|x64
		{E99322E6-70D4-4FBF-BEB0-4F8CDCF65367}.Release|x86.ActiveCfg = Release|Win32
		{E99322E6-70D4-4FBF-BEB0-4F8CDCF65367}.Release|x86.Build.0 = Release|Win32
	EndGlobalSection
	GlobalSection(SolutionProperties) = preSolution
		HideSolutionNode = FALSE
	EndGlobalSection
	GlobalSection(ExtensibilityGlobals) = postSolution
		SolutionGuid = {3AA26F3D-723F-4443-A126-4C4026B579AF}
	EndGlobalSection
EndGlobal
